// !$*UTF8*$!
{
	archiveVersion = 1;
	classes = {
	};
	objectVersion = 56;
	objects = {

/* Begin PBXBuildFile section */
		BB0292E32C89D30700C965D8 /* loading.mp4 in Resources */ = {isa = PBXBuildFile; fileRef = BB0292E22C89D2F400C965D8 /* loading.mp4 */; };
		BB0292E92C8A0ED300C965D8 /* settingsView.swift in Sources */ = {isa = PBXBuildFile; fileRef = BB0292E82C8A0ED300C965D8 /* settingsView.swift */; };
		BB0292EB2C8A12B000C965D8 /* listItemView.swift in Sources */ = {isa = PBXBuildFile; fileRef = BB0292EA2C8A12B000C965D8 /* listItemView.swift */; };
		BB0292ED2C8A12E200C965D8 /* listItemModel.swift in Sources */ = {isa = PBXBuildFile; fileRef = BB0292EC2C8A12E200C965D8 /* listItemModel.swift */; };
		BB0292EF2C8A66A900C965D8 /* splashView.swift in Sources */ = {isa = PBXBuildFile; fileRef = BB0292EE2C8A66A900C965D8 /* splashView.swift */; };
		BB0292F12C8A6C1500C965D8 /* LaunchScreen.storyboard in Resources */ = {isa = PBXBuildFile; fileRef = BB0292F02C8A6C1500C965D8 /* LaunchScreen.storyboard */; };
		BB1979362D0F105B001B8178 /* AppStorePreviewView.swift in Sources */ = {isa = PBXBuildFile; fileRef = BB1979352D0F105B001B8178 /* AppStorePreviewView.swift */; };
		BB2F88C02D0728F1005E708D /* OnboardingView.swift in Sources */ = {isa = PBXBuildFile; fileRef = BB2F88BF2D0728F1005E708D /* OnboardingView.swift */; };
		BB2F88C32D0728FC005E708D /* Translations.swift in Sources */ = {isa = PBXBuildFile; fileRef = BB2F88C22D0728FC005E708D /* Translations.swift */; };
		BB9796692C869FFC0091E682 /* photoPicker.swift in Sources */ = {isa = PBXBuildFile; fileRef = BB9796682C869FFC0091E682 /* photoPicker.swift */; };
		BB97966C2C89D15E0091E682 /* AVKit.framework in Frameworks */ = {isa = PBXBuildFile; fileRef = BB97966B2C89D15E0091E682 /* AVKit.framework */; };
		BB99E0492C7E332F00F1A8AB /* GoogleGenerativeAI in Frameworks */ = {isa = PBXBuildFile; productRef = BB99E0482C7E332F00F1A8AB /* GoogleGenerativeAI */; };
		BBACE3A12C85E8D30044BB00 /* GenerativeAI-Info.plist in Resources */ = {isa = PBXBuildFile; fileRef = BBACE3A02C85E8D30044BB00 /* GenerativeAI-Info.plist */; };
		BBACE3A42C85E93D0044BB00 /* homeView.swift in Sources */ = {isa = PBXBuildFile; fileRef = BBACE3A32C85E93D0044BB00 /* homeView.swift */; };
		BBACE3A62C85E95C0044BB00 /* constants.swift in Sources */ = {isa = PBXBuildFile; fileRef = BBACE3A52C85E95C0044BB00 /* constants.swift */; };
		BBACE3A82C85E9AC0044BB00 /* homeViewModel.swift in Sources */ = {isa = PBXBuildFile; fileRef = BBACE3A72C85E9AC0044BB00 /* homeViewModel.swift */; };
		BBE214FF2C7D3D1400E21D3D /* whatisthisApp.swift in Sources */ = {isa = PBXBuildFile; fileRef = BBE214FE2C7D3D1400E21D3D /* whatisthisApp.swift */; };
		BBE215012C7D3D1400E21D3D /* ContentView.swift in Sources */ = {isa = PBXBuildFile; fileRef = BBE215002C7D3D1400E21D3D /* ContentView.swift */; };
		BBE215032C7D3D1500E21D3D /* Assets.xcassets in Resources */ = {isa = PBXBuildFile; fileRef = BBE215022C7D3D1500E21D3D /* Assets.xcassets */; };
		BBE215062C7D3D1500E21D3D /* Preview Assets.xcassets in Resources */ = {isa = PBXBuildFile; fileRef = BBE215052C7D3D1500E21D3D /* Preview Assets.xcassets */; };
		BBE215102C7D3D1500E21D3D /* whatisthisTests.swift in Sources */ = {isa = PBXBuildFile; fileRef = BBE2150F2C7D3D1500E21D3D /* whatisthisTests.swift */; };
		BBE2151A2C7D3D1500E21D3D /* whatisthisUITests.swift in Sources */ = {isa = PBXBuildFile; fileRef = BBE215192C7D3D1500E21D3D /* whatisthisUITests.swift */; };
		BBE2151C2C7D3D1500E21D3D /* whatisthisUITestsLaunchTests.swift in Sources */ = {isa = PBXBuildFile; fileRef = BBE2151B2C7D3D1500E21D3D /* whatisthisUITestsLaunchTests.swift */; };
/* End PBXBuildFile section */

/* Begin PBXContainerItemProxy section */
		BBE2150C2C7D3D1500E21D3D /* PBXContainerItemProxy */ = {
			isa = PBXContainerItemProxy;
			containerPortal = BBE214F32C7D3D1400E21D3D /* Project object */;
			proxyType = 1;
			remoteGlobalIDString = BBE214FA2C7D3D1400E21D3D;
			remoteInfo = whatisthis;
		};
		BBE215162C7D3D1500E21D3D /* PBXContainerItemProxy */ = {
			isa = PBXContainerItemProxy;
			containerPortal = BBE214F32C7D3D1400E21D3D /* Project object */;
			proxyType = 1;
			remoteGlobalIDString = BBE214FA2C7D3D1400E21D3D;
			remoteInfo = whatisthis;
		};
/* End PBXContainerItemProxy section */

/* Begin PBXFileReference section */
		BB0292E22C89D2F400C965D8 /* loading.mp4 */ = {isa = PBXFileReference; lastKnownFileType = file; path = loading.mp4; sourceTree = "<group>"; };
		BB0292E82C8A0ED300C965D8 /* settingsView.swift */ = {isa = PBXFileReference; lastKnownFileType = sourcecode.swift; path = settingsView.swift; sourceTree = "<group>"; };
		BB0292EA2C8A12B000C965D8 /* listItemView.swift */ = {isa = PBXFileReference; lastKnownFileType = sourcecode.swift; path = listItemView.swift; sourceTree = "<group>"; };
		BB0292EC2C8A12E200C965D8 /* listItemModel.swift */ = {isa = PBXFileReference; lastKnownFileType = sourcecode.swift; path = listItemModel.swift; sourceTree = "<group>"; };
		BB0292EE2C8A66A900C965D8 /* splashView.swift */ = {isa = PBXFileReference; lastKnownFileType = sourcecode.swift; path = splashView.swift; sourceTree = "<group>"; };
		BB0292F02C8A6C1500C965D8 /* LaunchScreen.storyboard */ = {isa = PBXFileReference; lastKnownFileType = file.storyboard; path = LaunchScreen.storyboard; sourceTree = "<group>"; };
		BB1979352D0F105B001B8178 /* AppStorePreviewView.swift */ = {isa = PBXFileReference; fileEncoding = 4; lastKnownFileType = sourcecode.swift; path = AppStorePreviewView.swift; sourceTree = "<group>"; };
		BB2F88BF2D0728F1005E708D /* OnboardingView.swift */ = {isa = PBXFileReference; fileEncoding = 4; lastKnownFileType = sourcecode.swift; path = OnboardingView.swift; sourceTree = "<group>"; };
		BB2F88C22D0728FC005E708D /* Translations.swift */ = {isa = PBXFileReference; fileEncoding = 4; lastKnownFileType = sourcecode.swift; path = Translations.swift; sourceTree = "<group>"; };
		BB9796682C869FFC0091E682 /* photoPicker.swift */ = {isa = PBXFileReference; lastKnownFileType = sourcecode.swift; path = photoPicker.swift; sourceTree = "<group>"; };
		BB97966B2C89D15E0091E682 /* AVKit.framework */ = {isa = PBXFileReference; lastKnownFileType = wrapper.framework; name = AVKit.framework; path = System/Library/Frameworks/AVKit.framework; sourceTree = SDKROOT; };
		BB99E04C2C7E429100F1A8AB /* Info.plist */ = {isa = PBXFileReference; lastKnownFileType = text.plist; path = Info.plist; sourceTree = "<group>"; };
		BBACE3A02C85E8D30044BB00 /* GenerativeAI-Info.plist */ = {isa = PBXFileReference; lastKnownFileType = text.plist; path = "GenerativeAI-Info.plist"; sourceTree = "<group>"; };
		BBACE3A32C85E93D0044BB00 /* homeView.swift */ = {isa = PBXFileReference; lastKnownFileType = sourcecode.swift; path = homeView.swift; sourceTree = "<group>"; };
		BBACE3A52C85E95C0044BB00 /* constants.swift */ = {isa = PBXFileReference; lastKnownFileType = sourcecode.swift; path = constants.swift; sourceTree = "<group>"; };
		BBACE3A72C85E9AC0044BB00 /* homeViewModel.swift */ = {isa = PBXFileReference; lastKnownFileType = sourcecode.swift; path = homeViewModel.swift; sourceTree = "<group>"; };
		BBE214FB2C7D3D1400E21D3D /* whatisthis.app */ = {isa = PBXFileReference; explicitFileType = wrapper.application; includeInIndex = 0; path = whatisthis.app; sourceTree = BUILT_PRODUCTS_DIR; };
		BBE214FE2C7D3D1400E21D3D /* whatisthisApp.swift */ = {isa = PBXFileReference; lastKnownFileType = sourcecode.swift; path = whatisthisApp.swift; sourceTree = "<group>"; };
		BBE215002C7D3D1400E21D3D /* ContentView.swift */ = {isa = PBXFileReference; lastKnownFileType = sourcecode.swift; path = ContentView.swift; sourceTree = "<group>"; };
		BBE215022C7D3D1500E21D3D /* Assets.xcassets */ = {isa = PBXFileReference; lastKnownFileType = folder.assetcatalog; path = Assets.xcassets; sourceTree = "<group>"; };
		BBE215052C7D3D1500E21D3D /* Preview Assets.xcassets */ = {isa = PBXFileReference; lastKnownFileType = folder.assetcatalog; path = "Preview Assets.xcassets"; sourceTree = "<group>"; };
		BBE2150B2C7D3D1500E21D3D /* whatisthisTests.xctest */ = {isa = PBXFileReference; explicitFileType = wrapper.cfbundle; includeInIndex = 0; path = whatisthisTests.xctest; sourceTree = BUILT_PRODUCTS_DIR; };
		BBE2150F2C7D3D1500E21D3D /* whatisthisTests.swift */ = {isa = PBXFileReference; lastKnownFileType = sourcecode.swift; path = whatisthisTests.swift; sourceTree = "<group>"; };
		BBE215152C7D3D1500E21D3D /* whatisthisUITests.xctest */ = {isa = PBXFileReference; explicitFileType = wrapper.cfbundle; includeInIndex = 0; path = whatisthisUITests.xctest; sourceTree = BUILT_PRODUCTS_DIR; };
		BBE215192C7D3D1500E21D3D /* whatisthisUITests.swift */ = {isa = PBXFileReference; lastKnownFileType = sourcecode.swift; path = whatisthisUITests.swift; sourceTree = "<group>"; };
		BBE2151B2C7D3D1500E21D3D /* whatisthisUITestsLaunchTests.swift */ = {isa = PBXFileReference; lastKnownFileType = sourcecode.swift; path = whatisthisUITestsLaunchTests.swift; sourceTree = "<group>"; };
/* End PBXFileReference section */

/* Begin PBXFrameworksBuildPhase section */
		BBE214F82C7D3D1400E21D3D /* Frameworks */ = {
			isa = PBXFrameworksBuildPhase;
			buildActionMask = 2147483647;
			files = (
				BB97966C2C89D15E0091E682 /* AVKit.framework in Frameworks */,
				BB99E0492C7E332F00F1A8AB /* GoogleGenerativeAI in Frameworks */,
			);
			runOnlyForDeploymentPostprocessing = 0;
		};
		BBE215082C7D3D1500E21D3D /* Frameworks */ = {
			isa = PBXFrameworksBuildPhase;
			buildActionMask = 2147483647;
			files = (
			);
			runOnlyForDeploymentPostprocessing = 0;
		};
		BBE215122C7D3D1500E21D3D /* Frameworks */ = {
			isa = PBXFrameworksBuildPhase;
			buildActionMask = 2147483647;
			files = (
			);
			runOnlyForDeploymentPostprocessing = 0;
		};
/* End PBXFrameworksBuildPhase section */

/* Begin PBXGroup section */
		BB0292E72C8A0EC000C965D8 /* settings */ = {
			isa = PBXGroup;
			children = (
				BB0292E82C8A0ED300C965D8 /* settingsView.swift */,
				BB0292EA2C8A12B000C965D8 /* listItemView.swift */,
				BB0292EC2C8A12E200C965D8 /* listItemModel.swift */,
			);
			path = settings;
			sourceTree = "<group>";
		};
		BB1979342D0F105B001B8178 /* marketing */ = {
			isa = PBXGroup;
			children = (
				BB1979352D0F105B001B8178 /* AppStorePreviewView.swift */,
			);
			path = marketing;
			sourceTree = "<group>";
		};
		BB2F88BE2D0728F1005E708D /* onboarding */ = {
			isa = PBXGroup;
			children = (
				BB2F88BF2D0728F1005E708D /* OnboardingView.swift */,
			);
			path = onboarding;
			sourceTree = "<group>";
		};
		BB2F88C12D0728FC005E708D /* helpers */ = {
			isa = PBXGroup;
			children = (
				BB2F88C22D0728FC005E708D /* Translations.swift */,
			);
			path = helpers;
			sourceTree = "<group>";
		};
		BB9796672C869FEE0091E682 /* picker */ = {
			isa = PBXGroup;
			children = (
				BB9796682C869FFC0091E682 /* photoPicker.swift */,
			);
			path = picker;
			sourceTree = "<group>";
		};
		BB97966A2C89D15E0091E682 /* Frameworks */ = {
			isa = PBXGroup;
			children = (
				BB97966B2C89D15E0091E682 /* AVKit.framework */,
			);
			name = Frameworks;
			sourceTree = "<group>";
		};
		BBACE3A22C85E9220044BB00 /* home */ = {
			isa = PBXGroup;
			children = (
				BBACE3A32C85E93D0044BB00 /* homeView.swift */,
				BBACE3A72C85E9AC0044BB00 /* homeViewModel.swift */,
			);
			path = home;
			sourceTree = "<group>";
		};
		BBE214F22C7D3D1400E21D3D = {
			isa = PBXGroup;
			children = (
				BBE214FD2C7D3D1400E21D3D /* whatisthis */,
				BBE2150E2C7D3D1500E21D3D /* whatisthisTests */,
				BBE215182C7D3D1500E21D3D /* whatisthisUITests */,
				BBE214FC2C7D3D1400E21D3D /* Products */,
				BB97966A2C89D15E0091E682 /* Frameworks */,
			);
			sourceTree = "<group>";
		};
		BBE214FC2C7D3D1400E21D3D /* Products */ = {
			isa = PBXGroup;
			children = (
				BBE214FB2C7D3D1400E21D3D /* whatisthis.app */,
				BBE2150B2C7D3D1500E21D3D /* whatisthisTests.xctest */,
				BBE215152C7D3D1500E21D3D /* whatisthisUITests.xctest */,
			);
			name = Products;
			sourceTree = "<group>";
		};
		BBE214FD2C7D3D1400E21D3D /* whatisthis */ = {
			isa = PBXGroup;
			children = (
				BB1979342D0F105B001B8178 /* marketing */,
				BB2F88C12D0728FC005E708D /* helpers */,
				BB2F88BE2D0728F1005E708D /* onboarding */,
				BB0292F02C8A6C1500C965D8 /* LaunchScreen.storyboard */,
				BB0292E72C8A0EC000C965D8 /* settings */,
				BB9796672C869FEE0091E682 /* picker */,
				BBACE3A22C85E9220044BB00 /* home */,
				BBACE3A02C85E8D30044BB00 /* GenerativeAI-Info.plist */,
				BB99E04C2C7E429100F1A8AB /* Info.plist */,
				BBE214FE2C7D3D1400E21D3D /* whatisthisApp.swift */,
				BB0292E22C89D2F400C965D8 /* loading.mp4 */,
				BBE215002C7D3D1400E21D3D /* ContentView.swift */,
				BBE215022C7D3D1500E21D3D /* Assets.xcassets */,
				BBE215042C7D3D1500E21D3D /* Preview Content */,
				BBACE3A52C85E95C0044BB00 /* constants.swift */,
				BB0292EE2C8A66A900C965D8 /* splashView.swift */,
			);
			path = whatisthis;
			sourceTree = "<group>";
		};
		BBE215042C7D3D1500E21D3D /* Preview Content */ = {
			isa = PBXGroup;
			children = (
				BBE215052C7D3D1500E21D3D /* Preview Assets.xcassets */,
			);
			path = "Preview Content";
			sourceTree = "<group>";
		};
		BBE2150E2C7D3D1500E21D3D /* whatisthisTests */ = {
			isa = PBXGroup;
			children = (
				BBE2150F2C7D3D1500E21D3D /* whatisthisTests.swift */,
			);
			path = whatisthisTests;
			sourceTree = "<group>";
		};
		BBE215182C7D3D1500E21D3D /* whatisthisUITests */ = {
			isa = PBXGroup;
			children = (
				BBE215192C7D3D1500E21D3D /* whatisthisUITests.swift */,
				BBE2151B2C7D3D1500E21D3D /* whatisthisUITestsLaunchTests.swift */,
			);
			path = whatisthisUITests;
			sourceTree = "<group>";
		};
/* End PBXGroup section */

/* Begin PBXNativeTarget section */
		BBE214FA2C7D3D1400E21D3D /* whatisthis */ = {
			isa = PBXNativeTarget;
			buildConfigurationList = BBE2151F2C7D3D1500E21D3D /* Build configuration list for PBXNativeTarget "whatisthis" */;
			buildPhases = (
				BBE214F72C7D3D1400E21D3D /* Sources */,
				BBE214F82C7D3D1400E21D3D /* Frameworks */,
				BBE214F92C7D3D1400E21D3D /* Resources */,
			);
			buildRules = (
			);
			dependencies = (
			);
			name = whatisthis;
			packageProductDependencies = (
				BB99E0482C7E332F00F1A8AB /* GoogleGenerativeAI */,
			);
			productName = whatisthis;
			productReference = BBE214FB2C7D3D1400E21D3D /* whatisthis.app */;
			productType = "com.apple.product-type.application";
		};
		BBE2150A2C7D3D1500E21D3D /* whatisthisTests */ = {
			isa = PBXNativeTarget;
			buildConfigurationList = BBE215222C7D3D1500E21D3D /* Build configuration list for PBXNativeTarget "whatisthisTests" */;
			buildPhases = (
				BBE215072C7D3D1500E21D3D /* Sources */,
				BBE215082C7D3D1500E21D3D /* Frameworks */,
				BBE215092C7D3D1500E21D3D /* Resources */,
			);
			buildRules = (
			);
			dependencies = (
				BBE2150D2C7D3D1500E21D3D /* PBXTargetDependency */,
			);
			name = whatisthisTests;
			productName = whatisthisTests;
			productReference = BBE2150B2C7D3D1500E21D3D /* whatisthisTests.xctest */;
			productType = "com.apple.product-type.bundle.unit-test";
		};
		BBE215142C7D3D1500E21D3D /* whatisthisUITests */ = {
			isa = PBXNativeTarget;
			buildConfigurationList = BBE215252C7D3D1500E21D3D /* Build configuration list for PBXNativeTarget "whatisthisUITests" */;
			buildPhases = (
				BBE215112C7D3D1500E21D3D /* Sources */,
				BBE215122C7D3D1500E21D3D /* Frameworks */,
				BBE215132C7D3D1500E21D3D /* Resources */,
			);
			buildRules = (
			);
			dependencies = (
				BBE215172C7D3D1500E21D3D /* PBXTargetDependency */,
			);
			name = whatisthisUITests;
			productName = whatisthisUITests;
			productReference = BBE215152C7D3D1500E21D3D /* whatisthisUITests.xctest */;
			productType = "com.apple.product-type.bundle.ui-testing";
		};
/* End PBXNativeTarget section */

/* Begin PBXProject section */
		BBE214F32C7D3D1400E21D3D /* Project object */ = {
			isa = PBXProject;
			attributes = {
				BuildIndependentTargetsInParallel = 1;
				LastSwiftUpdateCheck = 1500;
				LastUpgradeCheck = 1500;
				TargetAttributes = {
					BBE214FA2C7D3D1400E21D3D = {
						CreatedOnToolsVersion = 15.0.1;
					};
					BBE2150A2C7D3D1500E21D3D = {
						CreatedOnToolsVersion = 15.0.1;
						TestTargetID = BBE214FA2C7D3D1400E21D3D;
					};
					BBE215142C7D3D1500E21D3D = {
						CreatedOnToolsVersion = 15.0.1;
						TestTargetID = BBE214FA2C7D3D1400E21D3D;
					};
				};
			};
			buildConfigurationList = BBE214F62C7D3D1400E21D3D /* Build configuration list for PBXProject "whatisthis" */;
			compatibilityVersion = "Xcode 14.0";
			developmentRegion = en;
			hasScannedForEncodings = 0;
			knownRegions = (
				en,
				Base,
			);
			mainGroup = BBE214F22C7D3D1400E21D3D;
			packageReferences = (
				BBE215282C7D3D5300E21D3D /* XCRemoteSwiftPackageReference "replicate-swift" */,
				BB99E0472C7E332F00F1A8AB /* XCRemoteSwiftPackageReference "generative-ai-swift" */,
				BB0292E42C89EDD300C965D8 /* XCRemoteSwiftPackageReference "AnimateText" */,
			);
			productRefGroup = BBE214FC2C7D3D1400E21D3D /* Products */;
			projectDirPath = "";
			projectRoot = "";
			targets = (
				BBE214FA2C7D3D1400E21D3D /* whatisthis */,
				BBE2150A2C7D3D1500E21D3D /* whatisthisTests */,
				BBE215142C7D3D1500E21D3D /* whatisthisUITests */,
			);
		};
/* End PBXProject section */

/* Begin PBXResourcesBuildPhase section */
		BBE214F92C7D3D1400E21D3D /* Resources */ = {
			isa = PBXResourcesBuildPhase;
			buildActionMask = 2147483647;
			files = (
				BB0292E32C89D30700C965D8 /* loading.mp4 in Resources */,
				BBE215062C7D3D1500E21D3D /* Preview Assets.xcassets in Resources */,
				BBE215032C7D3D1500E21D3D /* Assets.xcassets in Resources */,
				BB0292F12C8A6C1500C965D8 /* LaunchScreen.storyboard in Resources */,
				BBACE3A12C85E8D30044BB00 /* GenerativeAI-Info.plist in Resources */,
			);
			runOnlyForDeploymentPostprocessing = 0;
		};
		BBE215092C7D3D1500E21D3D /* Resources */ = {
			isa = PBXResourcesBuildPhase;
			buildActionMask = 2147483647;
			files = (
			);
			runOnlyForDeploymentPostprocessing = 0;
		};
		BBE215132C7D3D1500E21D3D /* Resources */ = {
			isa = PBXResourcesBuildPhase;
			buildActionMask = 2147483647;
			files = (
			);
			runOnlyForDeploymentPostprocessing = 0;
		};
/* End PBXResourcesBuildPhase section */

/* Begin PBXSourcesBuildPhase section */
		BBE214F72C7D3D1400E21D3D /* Sources */ = {
			isa = PBXSourcesBuildPhase;
			buildActionMask = 2147483647;
			files = (
				BB0292ED2C8A12E200C965D8 /* listItemModel.swift in Sources */,
				BB9796692C869FFC0091E682 /* photoPicker.swift in Sources */,
				BBE215012C7D3D1400E21D3D /* ContentView.swift in Sources */,
				BB0292E92C8A0ED300C965D8 /* settingsView.swift in Sources */,
				BB0292EB2C8A12B000C965D8 /* listItemView.swift in Sources */,
				BB1979362D0F105B001B8178 /* AppStorePreviewView.swift in Sources */,
				BBACE3A42C85E93D0044BB00 /* homeView.swift in Sources */,
				BBE214FF2C7D3D1400E21D3D /* whatisthisApp.swift in Sources */,
				BB2F88C32D0728FC005E708D /* Translations.swift in Sources */,
				BB0292EF2C8A66A900C965D8 /* splashView.swift in Sources */,
				BBACE3A62C85E95C0044BB00 /* constants.swift in Sources */,
				BBACE3A82C85E9AC0044BB00 /* homeViewModel.swift in Sources */,
				BB2F88C02D0728F1005E708D /* OnboardingView.swift in Sources */,
			);
			runOnlyForDeploymentPostprocessing = 0;
		};
		BBE215072C7D3D1500E21D3D /* Sources */ = {
			isa = PBXSourcesBuildPhase;
			buildActionMask = 2147483647;
			files = (
				BBE215102C7D3D1500E21D3D /* whatisthisTests.swift in Sources */,
			);
			runOnlyForDeploymentPostprocessing = 0;
		};
		BBE215112C7D3D1500E21D3D /* Sources */ = {
			isa = PBXSourcesBuildPhase;
			buildActionMask = 2147483647;
			files = (
				BBE2151C2C7D3D1500E21D3D /* whatisthisUITestsLaunchTests.swift in Sources */,
				BBE2151A2C7D3D1500E21D3D /* whatisthisUITests.swift in Sources */,
			);
			runOnlyForDeploymentPostprocessing = 0;
		};
/* End PBXSourcesBuildPhase section */

/* Begin PBXTargetDependency section */
		BBE2150D2C7D3D1500E21D3D /* PBXTargetDependency */ = {
			isa = PBXTargetDependency;
			target = BBE214FA2C7D3D1400E21D3D /* whatisthis */;
			targetProxy = BBE2150C2C7D3D1500E21D3D /* PBXContainerItemProxy */;
		};
		BBE215172C7D3D1500E21D3D /* PBXTargetDependency */ = {
			isa = PBXTargetDependency;
			target = BBE214FA2C7D3D1400E21D3D /* whatisthis */;
			targetProxy = BBE215162C7D3D1500E21D3D /* PBXContainerItemProxy */;
		};
/* End PBXTargetDependency section */

/* Begin XCBuildConfiguration section */
		BBE2151D2C7D3D1500E21D3D /* Debug */ = {
			isa = XCBuildConfiguration;
			buildSettings = {
				ALWAYS_SEARCH_USER_PATHS = NO;
				ASSETCATALOG_COMPILER_GENERATE_SWIFT_ASSET_SYMBOL_EXTENSIONS = YES;
				CLANG_ANALYZER_NONNULL = YES;
				CLANG_ANALYZER_NUMBER_OBJECT_CONVERSION = YES_AGGRESSIVE;
				CLANG_CXX_LANGUAGE_STANDARD = "gnu++20";
				CLANG_ENABLE_MODULES = YES;
				CLANG_ENABLE_OBJC_ARC = YES;
				CLANG_ENABLE_OBJC_WEAK = YES;
				CLANG_WARN_BLOCK_CAPTURE_AUTORELEASING = YES;
				CLANG_WARN_BOOL_CONVERSION = YES;
				CLANG_WARN_COMMA = YES;
				CLANG_WARN_CONSTANT_CONVERSION = YES;
				CLANG_WARN_DEPRECATED_OBJC_IMPLEMENTATIONS = YES;
				CLANG_WARN_DIRECT_OBJC_ISA_USAGE = YES_ERROR;
				CLANG_WARN_DOCUMENTATION_COMMENTS = YES;
				CLANG_WARN_EMPTY_BODY = YES;
				CLANG_WARN_ENUM_CONVERSION = YES;
				CLANG_WARN_INFINITE_RECURSION = YES;
				CLANG_WARN_INT_CONVERSION = YES;
				CLANG_WARN_NON_LITERAL_NULL_CONVERSION = YES;
				CLANG_WARN_OBJC_IMPLICIT_RETAIN_SELF = YES;
				CLANG_WARN_OBJC_LITERAL_CONVERSION = YES;
				CLANG_WARN_OBJC_ROOT_CLASS = YES_ERROR;
				CLANG_WARN_QUOTED_INCLUDE_IN_FRAMEWORK_HEADER = YES;
				CLANG_WARN_RANGE_LOOP_ANALYSIS = YES;
				CLANG_WARN_STRICT_PROTOTYPES = YES;
				CLANG_WARN_SUSPICIOUS_MOVE = YES;
				CLANG_WARN_UNGUARDED_AVAILABILITY = YES_AGGRESSIVE;
				CLANG_WARN_UNREACHABLE_CODE = YES;
				CLANG_WARN__DUPLICATE_METHOD_MATCH = YES;
				COPY_PHASE_STRIP = NO;
				DEBUG_INFORMATION_FORMAT = dwarf;
				ENABLE_STRICT_OBJC_MSGSEND = YES;
				ENABLE_TESTABILITY = YES;
				ENABLE_USER_SCRIPT_SANDBOXING = YES;
				GCC_C_LANGUAGE_STANDARD = gnu17;
				GCC_DYNAMIC_NO_PIC = NO;
				GCC_NO_COMMON_BLOCKS = YES;
				GCC_OPTIMIZATION_LEVEL = 0;
				GCC_PREPROCESSOR_DEFINITIONS = (
					"DEBUG=1",
					"$(inherited)",
				);
				GCC_WARN_64_TO_32_BIT_CONVERSION = YES;
				GCC_WARN_ABOUT_RETURN_TYPE = YES_ERROR;
				GCC_WARN_UNDECLARED_SELECTOR = YES;
				GCC_WARN_UNINITIALIZED_AUTOS = YES_AGGRESSIVE;
				GCC_WARN_UNUSED_FUNCTION = YES;
				GCC_WARN_UNUSED_VARIABLE = YES;
				IPHONEOS_DEPLOYMENT_TARGET = 17.0;
				LOCALIZATION_PREFERS_STRING_CATALOGS = YES;
				MTL_ENABLE_DEBUG_INFO = INCLUDE_SOURCE;
				MTL_FAST_MATH = YES;
				ONLY_ACTIVE_ARCH = YES;
				SDKROOT = iphoneos;
				SWIFT_ACTIVE_COMPILATION_CONDITIONS = "DEBUG $(inherited)";
				SWIFT_OPTIMIZATION_LEVEL = "-Onone";
			};
			name = Debug;
		};
		BBE2151E2C7D3D1500E21D3D /* Release */ = {
			isa = XCBuildConfiguration;
			buildSettings = {
				ALWAYS_SEARCH_USER_PATHS = NO;
				ASSETCATALOG_COMPILER_GENERATE_SWIFT_ASSET_SYMBOL_EXTENSIONS = YES;
				CLANG_ANALYZER_NONNULL = YES;
				CLANG_ANALYZER_NUMBER_OBJECT_CONVERSION = YES_AGGRESSIVE;
				CLANG_CXX_LANGUAGE_STANDARD = "gnu++20";
				CLANG_ENABLE_MODULES = YES;
				CLANG_ENABLE_OBJC_ARC = YES;
				CLANG_ENABLE_OBJC_WEAK = YES;
				CLANG_WARN_BLOCK_CAPTURE_AUTORELEASING = YES;
				CLANG_WARN_BOOL_CONVERSION = YES;
				CLANG_WARN_COMMA = YES;
				CLANG_WARN_CONSTANT_CONVERSION = YES;
				CLANG_WARN_DEPRECATED_OBJC_IMPLEMENTATIONS = YES;
				CLANG_WARN_DIRECT_OBJC_ISA_USAGE = YES_ERROR;
				CLANG_WARN_DOCUMENTATION_COMMENTS = YES;
				CLANG_WARN_EMPTY_BODY = YES;
				CLANG_WARN_ENUM_CONVERSION = YES;
				CLANG_WARN_INFINITE_RECURSION = YES;
				CLANG_WARN_INT_CONVERSION = YES;
				CLANG_WARN_NON_LITERAL_NULL_CONVERSION = YES;
				CLANG_WARN_OBJC_IMPLICIT_RETAIN_SELF = YES;
				CLANG_WARN_OBJC_LITERAL_CONVERSION = YES;
				CLANG_WARN_OBJC_ROOT_CLASS = YES_ERROR;
				CLANG_WARN_QUOTED_INCLUDE_IN_FRAMEWORK_HEADER = YES;
				CLANG_WARN_RANGE_LOOP_ANALYSIS = YES;
				CLANG_WARN_STRICT_PROTOTYPES = YES;
				CLANG_WARN_SUSPICIOUS_MOVE = YES;
				CLANG_WARN_UNGUARDED_AVAILABILITY = YES_AGGRESSIVE;
				CLANG_WARN_UNREACHABLE_CODE = YES;
				CLANG_WARN__DUPLICATE_METHOD_MATCH = YES;
				COPY_PHASE_STRIP = NO;
				DEBUG_INFORMATION_FORMAT = "dwarf-with-dsym";
				ENABLE_NS_ASSERTIONS = NO;
				ENABLE_STRICT_OBJC_MSGSEND = YES;
				ENABLE_USER_SCRIPT_SANDBOXING = YES;
				GCC_C_LANGUAGE_STANDARD = gnu17;
				GCC_NO_COMMON_BLOCKS = YES;
				GCC_WARN_64_TO_32_BIT_CONVERSION = YES;
				GCC_WARN_ABOUT_RETURN_TYPE = YES_ERROR;
				GCC_WARN_UNDECLARED_SELECTOR = YES;
				GCC_WARN_UNINITIALIZED_AUTOS = YES_AGGRESSIVE;
				GCC_WARN_UNUSED_FUNCTION = YES;
				GCC_WARN_UNUSED_VARIABLE = YES;
				IPHONEOS_DEPLOYMENT_TARGET = 17.0;
				LOCALIZATION_PREFERS_STRING_CATALOGS = YES;
				MTL_ENABLE_DEBUG_INFO = NO;
				MTL_FAST_MATH = YES;
				SDKROOT = iphoneos;
				SWIFT_COMPILATION_MODE = wholemodule;
				VALIDATE_PRODUCT = YES;
			};
			name = Release;
		};
		BBE215202C7D3D1500E21D3D /* Debug */ = {
			isa = XCBuildConfiguration;
			buildSettings = {
				ASSETCATALOG_COMPILER_APPICON_NAME = AppIcon;
				ASSETCATALOG_COMPILER_GLOBAL_ACCENT_COLOR_NAME = AccentColor;
				CODE_SIGN_STYLE = Automatic;
				CURRENT_PROJECT_VERSION = 3;
				DEVELOPMENT_ASSET_PATHS = "\"whatisthis/Preview Content\"";
				DEVELOPMENT_TEAM = AY8MN643FP;
				ENABLE_PREVIEWS = YES;
				GENERATE_INFOPLIST_FILE = YES;
				INFOPLIST_FILE = whatisthis/Info.plist;
				INFOPLIST_KEY_CFBundleDisplayName = "What is This?";
				INFOPLIST_KEY_LSApplicationCategoryType = "public.app-category.utilities";
				INFOPLIST_KEY_NSCameraUsageDescription = "We need access to your camera to take photos.";
				INFOPLIST_KEY_UIApplicationSceneManifest_Generation = YES;
				INFOPLIST_KEY_UIApplicationSupportsIndirectInputEvents = YES;
				INFOPLIST_KEY_UILaunchScreen_Generation = YES;
				INFOPLIST_KEY_UILaunchStoryboardName = LaunchScreen.storyboard;
				INFOPLIST_KEY_UIStatusBarStyle = "";
				INFOPLIST_KEY_UISupportedInterfaceOrientations_iPad = "UIInterfaceOrientationPortrait UIInterfaceOrientationPortraitUpsideDown UIInterfaceOrientationLandscapeLeft UIInterfaceOrientationLandscapeRight";
				INFOPLIST_KEY_UISupportedInterfaceOrientations_iPhone = "UIInterfaceOrientationPortrait UIInterfaceOrientationLandscapeLeft UIInterfaceOrientationLandscapeRight";
				LD_RUNPATH_SEARCH_PATHS = (
					"$(inherited)",
					"@executable_path/Frameworks",
				);
				MARKETING_VERSION = 1.0.1;
				PRODUCT_BUNDLE_IDENTIFIER = com.kamay.whatisthis;
				PRODUCT_NAME = "$(TARGET_NAME)";
				SWIFT_EMIT_LOC_STRINGS = YES;
				SWIFT_VERSION = 5.0;
				TARGETED_DEVICE_FAMILY = "1,2";
			};
			name = Debug;
		};
		BBE215212C7D3D1500E21D3D /* Release */ = {
			isa = XCBuildConfiguration;
			buildSettings = {
				ASSETCATALOG_COMPILER_APPICON_NAME = AppIcon;
				ASSETCATALOG_COMPILER_GLOBAL_ACCENT_COLOR_NAME = AccentColor;
				CODE_SIGN_STYLE = Automatic;
				CURRENT_PROJECT_VERSION = 3;
				DEVELOPMENT_ASSET_PATHS = "\"whatisthis/Preview Content\"";
				DEVELOPMENT_TEAM = AY8MN643FP;
				ENABLE_PREVIEWS = YES;
				GENERATE_INFOPLIST_FILE = YES;
				INFOPLIST_FILE = whatisthis/Info.plist;
				INFOPLIST_KEY_CFBundleDisplayName = "What is This?";
				INFOPLIST_KEY_LSApplicationCategoryType = "public.app-category.utilities";
				INFOPLIST_KEY_NSCameraUsageDescription = "We need access to your camera to take photos.";
				INFOPLIST_KEY_UIApplicationSceneManifest_Generation = YES;
				INFOPLIST_KEY_UIApplicationSupportsIndirectInputEvents = YES;
				INFOPLIST_KEY_UILaunchScreen_Generation = YES;
				INFOPLIST_KEY_UILaunchStoryboardName = LaunchScreen.storyboard;
				INFOPLIST_KEY_UIStatusBarStyle = "";
				INFOPLIST_KEY_UISupportedInterfaceOrientations_iPad = "UIInterfaceOrientationPortrait UIInterfaceOrientationPortraitUpsideDown UIInterfaceOrientationLandscapeLeft UIInterfaceOrientationLandscapeRight";
				INFOPLIST_KEY_UISupportedInterfaceOrientations_iPhone = "UIInterfaceOrientationPortrait UIInterfaceOrientationLandscapeLeft UIInterfaceOrientationLandscapeRight";
				LD_RUNPATH_SEARCH_PATHS = (
					"$(inherited)",
					"@executable_path/Frameworks",
				);
				MARKETING_VERSION = 1.0.1;
				PRODUCT_BUNDLE_IDENTIFIER = com.kamay.whatisthis;
				PRODUCT_NAME = "$(TARGET_NAME)";
				SWIFT_EMIT_LOC_STRINGS = YES;
				SWIFT_VERSION = 5.0;
				TARGETED_DEVICE_FAMILY = "1,2";
			};
			name = Release;
		};
		BBE215232C7D3D1500E21D3D /* Debug */ = {
			isa = XCBuildConfiguration;
			buildSettings = {
				ALWAYS_EMBED_SWIFT_STANDARD_LIBRARIES = YES;
				BUNDLE_LOADER = "$(TEST_HOST)";
				CODE_SIGN_STYLE = Automatic;
				CURRENT_PROJECT_VERSION = 1;
				DEVELOPMENT_TEAM = AY8MN643FP;
				GENERATE_INFOPLIST_FILE = YES;
				IPHONEOS_DEPLOYMENT_TARGET = 17.0;
				MARKETING_VERSION = 1.0;
				PRODUCT_BUNDLE_IDENTIFIER = com.kamay.whatisthisTests;
				PRODUCT_NAME = "$(TARGET_NAME)";
				SWIFT_EMIT_LOC_STRINGS = NO;
				SWIFT_VERSION = 5.0;
				TARGETED_DEVICE_FAMILY = "1,2";
				TEST_HOST = "$(BUILT_PRODUCTS_DIR)/whatisthis.app/$(BUNDLE_EXECUTABLE_FOLDER_PATH)/whatisthis";
			};
			name = Debug;
		};
		BBE215242C7D3D1500E21D3D /* Release */ = {
			isa = XCBuildConfiguration;
			buildSettings = {
				ALWAYS_EMBED_SWIFT_STANDARD_LIBRARIES = YES;
				BUNDLE_LOADER = "$(TEST_HOST)";
				CODE_SIGN_STYLE = Automatic;
				CURRENT_PROJECT_VERSION = 1;
				DEVELOPMENT_TEAM = AY8MN643FP;
				GENERATE_INFOPLIST_FILE = YES;
				IPHONEOS_DEPLOYMENT_TARGET = 17.0;
				MARKETING_VERSION = 1.0;
				PRODUCT_BUNDLE_IDENTIFIER = com.kamay.whatisthisTests;
				PRODUCT_NAME = "$(TARGET_NAME)";
				SWIFT_EMIT_LOC_STRINGS = NO;
				SWIFT_VERSION = 5.0;
				TARGETED_DEVICE_FAMILY = "1,2";
				TEST_HOST = "$(BUILT_PRODUCTS_DIR)/whatisthis.app/$(BUNDLE_EXECUTABLE_FOLDER_PATH)/whatisthis";
			};
			name = Release;
		};
		BBE215262C7D3D1500E21D3D /* Debug */ = {
			isa = XCBuildConfiguration;
			buildSettings = {
				ALWAYS_EMBED_SWIFT_STANDARD_LIBRARIES = YES;
				CODE_SIGN_STYLE = Automatic;
				CURRENT_PROJECT_VERSION = 1;
				DEVELOPMENT_TEAM = AY8MN643FP;
				GENERATE_INFOPLIST_FILE = YES;
				MARKETING_VERSION = 1.0;
				PRODUCT_BUNDLE_IDENTIFIER = com.kamay.whatisthisUITests;
				PRODUCT_NAME = "$(TARGET_NAME)";
				SWIFT_EMIT_LOC_STRINGS = NO;
				SWIFT_VERSION = 5.0;
				TARGETED_DEVICE_FAMILY = "1,2";
				TEST_TARGET_NAME = whatisthis;
			};
			name = Debug;
		};
		BBE215272C7D3D1500E21D3D /* Release */ = {
			isa = XCBuildConfiguration;
			buildSettings = {
				ALWAYS_EMBED_SWIFT_STANDARD_LIBRARIES = YES;
				CODE_SIGN_STYLE = Automatic;
				CURRENT_PROJECT_VERSION = 1;
				DEVELOPMENT_TEAM = AY8MN643FP;
				GENERATE_INFOPLIST_FILE = YES;
				MARKETING_VERSION = 1.0;
				PRODUCT_BUNDLE_IDENTIFIER = com.kamay.whatisthisUITests;
				PRODUCT_NAME = "$(TARGET_NAME)";
				SWIFT_EMIT_LOC_STRINGS = NO;
				SWIFT_VERSION = 5.0;
				TARGETED_DEVICE_FAMILY = "1,2";
				TEST_TARGET_NAME = whatisthis;
			};
			name = Release;
		};
/* End XCBuildConfiguration section */

/* Begin XCConfigurationList section */
		BBE214F62C7D3D1400E21D3D /* Build configuration list for PBXProject "whatisthis" */ = {
			isa = XCConfigurationList;
			buildConfigurations = (
				BBE2151D2C7D3D1500E21D3D /* Debug */,
				BBE2151E2C7D3D1500E21D3D /* Release */,
			);
			defaultConfigurationIsVisible = 0;
			defaultConfigurationName = Release;
		};
		BBE2151F2C7D3D1500E21D3D /* Build configuration list for PBXNativeTarget "whatisthis" */ = {
			isa = XCConfigurationList;
			buildConfigurations = (
				BBE215202C7D3D1500E21D3D /* Debug */,
				BBE215212C7D3D1500E21D3D /* Release */,
			);
			defaultConfigurationIsVisible = 0;
			defaultConfigurationName = Release;
		};
		BBE215222C7D3D1500E21D3D /* Build configuration list for PBXNativeTarget "whatisthisTests" */ = {
			isa = XCConfigurationList;
			buildConfigurations = (
				BBE215232C7D3D1500E21D3D /* Debug */,
				BBE215242C7D3D1500E21D3D /* Release */,
			);
			defaultConfigurationIsVisible = 0;
			defaultConfigurationName = Release;
		};
		BBE215252C7D3D1500E21D3D /* Build configuration list for PBXNativeTarget "whatisthisUITests" */ = {
			isa = XCConfigurationList;
			buildConfigurations = (
				BBE215262C7D3D1500E21D3D /* Debug */,
				BBE215272C7D3D1500E21D3D /* Release */,
			);
			defaultConfigurationIsVisible = 0;
			defaultConfigurationName = Release;
		};
/* End XCConfigurationList section */

/* Begin XCRemoteSwiftPackageReference section */
		BB0292E42C89EDD300C965D8 /* XCRemoteSwiftPackageReference "AnimateText" */ = {
			isa = XCRemoteSwiftPackageReference;
			repositoryURL = "https://github.com/jasudev/AnimateText.git";
			requirement = {
				branch = main;
				kind = branch;
			};
		};
		BB99E0472C7E332F00F1A8AB /* XCRemoteSwiftPackageReference "generative-ai-swift" */ = {
			isa = XCRemoteSwiftPackageReference;
			repositoryURL = "https://github.com/google/generative-ai-swift";
			requirement = {
				kind = upToNextMajorVersion;
				minimumVersion = 0.5.6;
			};
		};
		BBE215282C7D3D5300E21D3D /* XCRemoteSwiftPackageReference "replicate-swift" */ = {
			isa = XCRemoteSwiftPackageReference;
			repositoryURL = "https://github.com/replicate/replicate-swift";
			requirement = {
				kind = upToNextMajorVersion;
				minimumVersion = 0.23.0;
			};
		};
/* End XCRemoteSwiftPackageReference section */

/* Begin XCSwiftPackageProductDependency section */
		BB99E0482C7E332F00F1A8AB /* GoogleGenerativeAI */ = {
			isa = XCSwiftPackageProductDependency;
			package = BB99E0472C7E332F00F1A8AB /* XCRemoteSwiftPackageReference "generative-ai-swift" */;
			productName = GoogleGenerativeAI;
		};
/* End XCSwiftPackageProductDependency section */
	};
	rootObject = BBE214F32C7D3D1400E21D3D /* Project object */;
}
